PODS:
  - Alamofire (5.0.0-rc.3)
  - IQKeyboardManagerSwift (6.5.4)
  - JGProgressHUD (2.1)
  - MOLH (1.1)
  - RangeSeekSlider (1.8.0)
  - SDWebImage (5.2.3):
    - SDWebImage/Core (= 5.2.3)
  - SDWebImage/Core (5.2.3)
  - SkyFloatingLabelTextField (3.7.0)
  - Toast-Swift (5.0.1)

DEPENDENCIES:
  - Alamofire (~> 5.0.0-rc.3)
  - IQKeyboardManagerSwift
  - JGProgressHUD
  - MOLH
  - RangeSeekSlider
  - SDWebImage (~> 5.0)
  - SkyFloatingLabelTextField (~> 3.0)
  - Toast-Swift (~> 5.0.1)

SPEC REPOS:
  trunk:
    - Alamofire
    - IQKeyboardManagerSwift
    - JGProgressHUD
    - MOLH
    - RangeSeekSlider
    - SDWebImage
    - SkyFloatingLabelTextField
    - Toast-Swift

SPEC CHECKSUMS:
  Alamofire: ca8c0de6906873be89d6deec5c8de279e00bf872
  IQKeyboardManagerSwift: 2dde0fc70110e8eac7ccce2a46fdbec6a850b414
  JGProgressHUD: aa403e9a5b45cae98903c4600cccdd98c0c3ec90
  MOLH: fb55e7f76f41f6d9b969a4f99a1f83d30bb996f6
  RangeSeekSlider: 650b11fa1edcb92e1e0ede797669d98622570fb5
  SDWebImage: 46a7f73228f84ce80990c786e4372cf4db5875ce
  SkyFloatingLabelTextField: 4b46db0ab1ccde0919cded29c656e6b4805eda04
  Toast-Swift: 9b6a70f28b3bf0b96c40d46c0c4b9d6639846711

PODFILE CHECKSUM: 3d5ac9f13d28ed2dfcb2cf456b7a6c666d01a984

COCOAPODS: 1.8.4
