PODS:
  - Alamofire (5.0.0-rc.3)
  - IQKeyboardManagerSwift (6.5.4)
  - JGProgressHUD (2.1)
  - MOLH (1.1.2)
  - RangeSeekSlider (1.8.0)
  - SDWebImage (5.4.1):
    - SDWebImage/Core (= 5.4.1)
  - SDWebImage/Core (5.4.1)
  - SkyFloatingLabelTextField (3.8.0)
  - Toast-Swift (5.0.1)

DEPENDENCIES:
  - Alamofire (~> 5.0.0-rc.3)
  - IQKeyboardManagerSwift
  - JGProgressHUD
  - MOLH
  - RangeSeekSlider
  - SDWebImage (~> 5.0)
  - SkyFloatingLabelTextField (~> 3.0)
  - Toast-Swift (~> 5.0.1)

SPEC REPOS:
  trunk:
    - Alamofire
    - IQKeyboardManagerSwift
    - JGProgressHUD
    - MOLH
    - RangeSeekSlider
    - SDWebImage
    - SkyFloatingLabelTextField
    - Toast-Swift

SPEC CHECKSUMS:
  Alamofire: ca8c0de6906873be89d6deec5c8de279e00bf872
  IQKeyboardManagerSwift: 2dde0fc70110e8eac7ccce2a46fdbec6a850b414
  JGProgressHUD: aa403e9a5b45cae98903c4600cccdd98c0c3ec90
  MOLH: 79723d6938aff0ac02aebe4d89cc96b73f46fa32
  RangeSeekSlider: 650b11fa1edcb92e1e0ede797669d98622570fb5
  SDWebImage: 29c340dbdcef342bb13125553f4e19ce056b07a7
  SkyFloatingLabelTextField: 5a338412114808e961fe2d14ea2c5452c8b6e4aa
  Toast-Swift: 9b6a70f28b3bf0b96c40d46c0c4b9d6639846711

PODFILE CHECKSUM: a4d1080a853905df3b8231acbaa73b07e1c5ee7b

COCOAPODS: 1.8.4
